// !$*UTF8*$!
{
	archiveVersion = 1;
	classes = {
	};
	objectVersion = 50;
	objects = {

/* Begin PBXBuildFile section */
		36D4E9F22AF3CE46001D7059 /* AppDelegate.swift in Sources */ = {isa = PBXBuildFile; fileRef = 36D4E9F12AF3CE46001D7059 /* AppDelegate.swift */; };
		36D4E9F42AF3CE46001D7059 /* SceneDelegate.swift in Sources */ = {isa = PBXBuildFile; fileRef = 36D4E9F32AF3CE46001D7059 /* SceneDelegate.swift */; };
		36D4E9F62AF3CE46001D7059 /* ViewController.swift in Sources */ = {isa = PBXBuildFile; fileRef = 36D4E9F52AF3CE46001D7059 /* ViewController.swift */; };
		36D4E9F92AF3CE46001D7059 /* Main.storyboard in Resources */ = {isa = PBXBuildFile; fileRef = 36D4E9F72AF3CE46001D7059 /* Main.storyboard */; };
		36D4E9FB2AF3CE47001D7059 /* Assets.xcassets in Resources */ = {isa = PBXBuildFile; fileRef = 36D4E9FA2AF3CE47001D7059 /* Assets.xcassets */; };
		36D4E9FE2AF3CE47001D7059 /* LaunchScreen.storyboard in Resources */ = {isa = PBXBuildFile; fileRef = 36D4E9FC2AF3CE47001D7059 /* LaunchScreen.storyboard */; };
		36D4EA092AF3CE47001D7059 /* EjemploTableViewTests.swift in Sources */ = {isa = PBXBuildFile; fileRef = 36D4EA082AF3CE47001D7059 /* EjemploTableViewTests.swift */; };
		36D4EA142AF3CE47001D7059 /* EjemploTableViewUITests.swift in Sources */ = {isa = PBXBuildFile; fileRef = 36D4EA132AF3CE47001D7059 /* EjemploTableViewUITests.swift */; };
		36D4EA262AF3CE6C001D7059 /* Tarea.swift in Sources */ = {isa = PBXBuildFile; fileRef = 36D4EA252AF3CE6C001D7059 /* Tarea.swift */; };
		36D4EA2E2AF3CFE5001D7059 /* CrearTareaViewController.swift in Sources */ = {isa = PBXBuildFile; fileRef = 36D4EA2D2AF3CFE5001D7059 /* CrearTareaViewController.swift */; };
		36D4EA3B2AF3D1FF001D7059 /* TableViewCellTableViewCell.swift in Sources */ = {isa = PBXBuildFile; fileRef = 36D4EA3A2AF3D1FF001D7059 /* TableViewCellTableViewCell.swift */; };
		36D4EA402AF3D7BD001D7059 /* ObtenerTarea.swift in Sources */ = {isa = PBXBuildFile; fileRef = 36D4EA3F2AF3D7BD001D7059 /* ObtenerTarea.swift */; };
		36D6BE482AFCFBD000D08B5B /* ModificarViewController.swift in Sources */ = {isa = PBXBuildFile; fileRef = 36D6BE472AFCFBD000D08B5B /* ModificarViewController.swift */; };
/* End PBXBuildFile section */

/* Begin PBXContainerItemProxy section */
		36D4EA052AF3CE47001D7059 /* PBXContainerItemProxy */ = {
			isa = PBXContainerItemProxy;
			containerPortal = 36D4E9E62AF3CE46001D7059 /* Project object */;
			proxyType = 1;
			remoteGlobalIDString = 36D4E9ED2AF3CE46001D7059;
			remoteInfo = EjemploTableView;
		};
		36D4EA102AF3CE47001D7059 /* PBXContainerItemProxy */ = {
			isa = PBXContainerItemProxy;
			containerPortal = 36D4E9E62AF3CE46001D7059 /* Project object */;
			proxyType = 1;
			remoteGlobalIDString = 36D4E9ED2AF3CE46001D7059;
			remoteInfo = EjemploTableView;
		};
/* End PBXContainerItemProxy section */

/* Begin PBXFileReference section */
		36D4E9EE2AF3CE46001D7059 /* EjemploTableView.app */ = {isa = PBXFileReference; explicitFileType = wrapper.application; includeInIndex = 0; path = EjemploTableView.app; sourceTree = BUILT_PRODUCTS_DIR; };
		36D4E9F12AF3CE46001D7059 /* AppDelegate.swift */ = {isa = PBXFileReference; lastKnownFileType = sourcecode.swift; path = AppDelegate.swift; sourceTree = "<group>"; };
		36D4E9F32AF3CE46001D7059 /* SceneDelegate.swift */ = {isa = PBXFileReference; lastKnownFileType = sourcecode.swift; path = SceneDelegate.swift; sourceTree = "<group>"; };
		36D4E9F52AF3CE46001D7059 /* ViewController.swift */ = {isa = PBXFileReference; lastKnownFileType = sourcecode.swift; path = ViewController.swift; sourceTree = "<group>"; };
		36D4E9F82AF3CE46001D7059 /* Base */ = {isa = PBXFileReference; lastKnownFileType = file.storyboard; name = Base; path = Base.lproj/Main.storyboard; sourceTree = "<group>"; };
		36D4E9FA2AF3CE47001D7059 /* Assets.xcassets */ = {isa = PBXFileReference; lastKnownFileType = folder.assetcatalog; path = Assets.xcassets; sourceTree = "<group>"; };
		36D4E9FD2AF3CE47001D7059 /* Base */ = {isa = PBXFileReference; lastKnownFileType = file.storyboard; name = Base; path = Base.lproj/LaunchScreen.storyboard; sourceTree = "<group>"; };
		36D4E9FF2AF3CE47001D7059 /* Info.plist */ = {isa = PBXFileReference; lastKnownFileType = text.plist.xml; path = Info.plist; sourceTree = "<group>"; };
		36D4EA042AF3CE47001D7059 /* EjemploTableViewTests.xctest */ = {isa = PBXFileReference; explicitFileType = wrapper.cfbundle; includeInIndex = 0; path = EjemploTableViewTests.xctest; sourceTree = BUILT_PRODUCTS_DIR; };
		36D4EA082AF3CE47001D7059 /* EjemploTableViewTests.swift */ = {isa = PBXFileReference; lastKnownFileType = sourcecode.swift; path = EjemploTableViewTests.swift; sourceTree = "<group>"; };
		36D4EA0A2AF3CE47001D7059 /* Info.plist */ = {isa = PBXFileReference; lastKnownFileType = text.plist.xml; path = Info.plist; sourceTree = "<group>"; };
		36D4EA0F2AF3CE47001D7059 /* EjemploTableViewUITests.xctest */ = {isa = PBXFileReference; explicitFileType = wrapper.cfbundle; includeInIndex = 0; path = EjemploTableViewUITests.xctest; sourceTree = BUILT_PRODUCTS_DIR; };
		36D4EA132AF3CE47001D7059 /* EjemploTableViewUITests.swift */ = {isa = PBXFileReference; lastKnownFileType = sourcecode.swift; path = EjemploTableViewUITests.swift; sourceTree = "<group>"; };
		36D4EA152AF3CE47001D7059 /* Info.plist */ = {isa = PBXFileReference; lastKnownFileType = text.plist.xml; path = Info.plist; sourceTree = "<group>"; };
		36D4EA252AF3CE6C001D7059 /* Tarea.swift */ = {isa = PBXFileReference; lastKnownFileType = sourcecode.swift; path = Tarea.swift; sourceTree = "<group>"; };
		36D4EA2D2AF3CFE5001D7059 /* CrearTareaViewController.swift */ = {isa = PBXFileReference; lastKnownFileType = sourcecode.swift; path = CrearTareaViewController.swift; sourceTree = "<group>"; };
		36D4EA3A2AF3D1FF001D7059 /* TableViewCellTableViewCell.swift */ = {isa = PBXFileReference; lastKnownFileType = sourcecode.swift; path = TableViewCellTableViewCell.swift; sourceTree = "<group>"; };
		36D4EA3F2AF3D7BD001D7059 /* ObtenerTarea.swift */ = {isa = PBXFileReference; lastKnownFileType = sourcecode.swift; path = ObtenerTarea.swift; sourceTree = "<group>"; };
		36D6BE472AFCFBD000D08B5B /* ModificarViewController.swift */ = {isa = PBXFileReference; lastKnownFileType = sourcecode.swift; path = ModificarViewController.swift; sourceTree = "<group>"; };
/* End PBXFileReference section */

/* Begin PBXFrameworksBuildPhase section */
		36D4E9EB2AF3CE46001D7059 /* Frameworks */ = {
			isa = PBXFrameworksBuildPhase;
			buildActionMask = 2147483647;
			files = (
			);
			runOnlyForDeploymentPostprocessing = 0;
		};
		36D4EA012AF3CE47001D7059 /* Frameworks */ = {
			isa = PBXFrameworksBuildPhase;
			buildActionMask = 2147483647;
			files = (
			);
			runOnlyForDeploymentPostprocessing = 0;
		};
		36D4EA0C2AF3CE47001D7059 /* Frameworks */ = {
			isa = PBXFrameworksBuildPhase;
			buildActionMask = 2147483647;
			files = (
			);
			runOnlyForDeploymentPostprocessing = 0;
		};
/* End PBXFrameworksBuildPhase section */

/* Begin PBXGroup section */
		36D4E9E52AF3CE46001D7059 = {
			isa = PBXGroup;
			children = (
				36D4E9F02AF3CE46001D7059 /* EjemploTableView */,
				36D4EA072AF3CE47001D7059 /* EjemploTableViewTests */,
				36D4EA122AF3CE47001D7059 /* EjemploTableViewUITests */,
				36D4E9EF2AF3CE46001D7059 /* Products */,
			);
			sourceTree = "<group>";
		};
		36D4E9EF2AF3CE46001D7059 /* Products */ = {
			isa = PBXGroup;
			children = (
				36D4E9EE2AF3CE46001D7059 /* EjemploTableView.app */,
				36D4EA042AF3CE47001D7059 /* EjemploTableViewTests.xctest */,
				36D4EA0F2AF3CE47001D7059 /* EjemploTableViewUITests.xctest */,
			);
			name = Products;
			sourceTree = "<group>";
		};
		36D4E9F02AF3CE46001D7059 /* EjemploTableView */ = {
			isa = PBXGroup;
			children = (
				36D4EA242AF3CE59001D7059 /* modelos */,
				36D4E9F12AF3CE46001D7059 /* AppDelegate.swift */,
				36D4E9F32AF3CE46001D7059 /* SceneDelegate.swift */,
				36D4E9F52AF3CE46001D7059 /* ViewController.swift */,
				36D4E9F72AF3CE46001D7059 /* Main.storyboard */,
				36D4E9FA2AF3CE47001D7059 /* Assets.xcassets */,
				36D4E9FC2AF3CE47001D7059 /* LaunchScreen.storyboard */,
				36D4E9FF2AF3CE47001D7059 /* Info.plist */,
				36D4EA2D2AF3CFE5001D7059 /* CrearTareaViewController.swift */,
				36D4EA3A2AF3D1FF001D7059 /* TableViewCellTableViewCell.swift */,
				36D4EA3F2AF3D7BD001D7059 /* ObtenerTarea.swift */,
				36D6BE472AFCFBD000D08B5B /* ModificarViewController.swift */,
			);
			path = EjemploTableView;
			sourceTree = "<group>";
		};
		36D4EA072AF3CE47001D7059 /* EjemploTableViewTests */ = {
			isa = PBXGroup;
			children = (
				36D4EA082AF3CE47001D7059 /* EjemploTableViewTests.swift */,
				36D4EA0A2AF3CE47001D7059 /* Info.plist */,
			);
			path = EjemploTableViewTests;
			sourceTree = "<group>";
		};
		36D4EA122AF3CE47001D7059 /* EjemploTableViewUITests */ = {
			isa = PBXGroup;
			children = (
				36D4EA132AF3CE47001D7059 /* EjemploTableViewUITests.swift */,
				36D4EA152AF3CE47001D7059 /* Info.plist */,
			);
			path = EjemploTableViewUITests;
			sourceTree = "<group>";
		};
		36D4EA242AF3CE59001D7059 /* modelos */ = {
			isa = PBXGroup;
			children = (
				36D4EA252AF3CE6C001D7059 /* Tarea.swift */,
			);
			path = modelos;
			sourceTree = "<group>";
		};
/* End PBXGroup section */

/* Begin PBXNativeTarget section */
		36D4E9ED2AF3CE46001D7059 /* EjemploTableView */ = {
			isa = PBXNativeTarget;
			buildConfigurationList = 36D4EA182AF3CE47001D7059 /* Build configuration list for PBXNativeTarget "EjemploTableView" */;
			buildPhases = (
				36D4E9EA2AF3CE46001D7059 /* Sources */,
				36D4E9EB2AF3CE46001D7059 /* Frameworks */,
				36D4E9EC2AF3CE46001D7059 /* Resources */,
			);
			buildRules = (
			);
			dependencies = (
			);
			name = EjemploTableView;
			productName = EjemploTableView;
			productReference = 36D4E9EE2AF3CE46001D7059 /* EjemploTableView.app */;
			productType = "com.apple.product-type.application";
		};
		36D4EA032AF3CE47001D7059 /* EjemploTableViewTests */ = {
			isa = PBXNativeTarget;
			buildConfigurationList = 36D4EA1B2AF3CE47001D7059 /* Build configuration list for PBXNativeTarget "EjemploTableViewTests" */;
			buildPhases = (
				36D4EA002AF3CE47001D7059 /* Sources */,
				36D4EA012AF3CE47001D7059 /* Frameworks */,
				36D4EA022AF3CE47001D7059 /* Resources */,
			);
			buildRules = (
			);
			dependencies = (
				36D4EA062AF3CE47001D7059 /* PBXTargetDependency */,
			);
			name = EjemploTableViewTests;
			productName = EjemploTableViewTests;
			productReference = 36D4EA042AF3CE47001D7059 /* EjemploTableViewTests.xctest */;
			productType = "com.apple.product-type.bundle.unit-test";
		};
		36D4EA0E2AF3CE47001D7059 /* EjemploTableViewUITests */ = {
			isa = PBXNativeTarget;
			buildConfigurationList = 36D4EA1E2AF3CE47001D7059 /* Build configuration list for PBXNativeTarget "EjemploTableViewUITests" */;
			buildPhases = (
				36D4EA0B2AF3CE47001D7059 /* Sources */,
				36D4EA0C2AF3CE47001D7059 /* Frameworks */,
				36D4EA0D2AF3CE47001D7059 /* Resources */,
			);
			buildRules = (
			);
			dependencies = (
				36D4EA112AF3CE47001D7059 /* PBXTargetDependency */,
			);
			name = EjemploTableViewUITests;
			productName = EjemploTableViewUITests;
			productReference = 36D4EA0F2AF3CE47001D7059 /* EjemploTableViewUITests.xctest */;
			productType = "com.apple.product-type.bundle.ui-testing";
		};
/* End PBXNativeTarget section */

/* Begin PBXProject section */
		36D4E9E62AF3CE46001D7059 /* Project object */ = {
			isa = PBXProject;
			attributes = {
				LastSwiftUpdateCheck = 1240;
				LastUpgradeCheck = 1240;
				TargetAttributes = {
					36D4E9ED2AF3CE46001D7059 = {
						CreatedOnToolsVersion = 12.4;
					};
					36D4EA032AF3CE47001D7059 = {
						CreatedOnToolsVersion = 12.4;
						TestTargetID = 36D4E9ED2AF3CE46001D7059;
					};
					36D4EA0E2AF3CE47001D7059 = {
						CreatedOnToolsVersion = 12.4;
						TestTargetID = 36D4E9ED2AF3CE46001D7059;
					};
				};
			};
			buildConfigurationList = 36D4E9E92AF3CE46001D7059 /* Build configuration list for PBXProject "EjemploTableView" */;
			compatibilityVersion = "Xcode 9.3";
			developmentRegion = en;
			hasScannedForEncodings = 0;
			knownRegions = (
				en,
				Base,
			);
			mainGroup = 36D4E9E52AF3CE46001D7059;
			productRefGroup = 36D4E9EF2AF3CE46001D7059 /* Products */;
			projectDirPath = "";
			projectRoot = "";
			targets = (
				36D4E9ED2AF3CE46001D7059 /* EjemploTableView */,
				36D4EA032AF3CE47001D7059 /* EjemploTableViewTests */,
				36D4EA0E2AF3CE47001D7059 /* EjemploTableViewUITests */,
			);
		};
/* End PBXProject section */

/* Begin PBXResourcesBuildPhase section */
		36D4E9EC2AF3CE46001D7059 /* Resources */ = {
			isa = PBXResourcesBuildPhase;
			buildActionMask = 2147483647;
			files = (
				36D4E9FE2AF3CE47001D7059 /* LaunchScreen.storyboard in Resources */,
				36D4E9FB2AF3CE47001D7059 /* Assets.xcassets in Resources */,
				36D4E9F92AF3CE46001D7059 /* Main.storyboard in Resources */,
			);
			runOnlyForDeploymentPostprocessing = 0;
		};
		36D4EA022AF3CE47001D7059 /* Resources */ = {
			isa = PBXResourcesBuildPhase;
			buildActionMask = 2147483647;
			files = (
			);
			runOnlyForDeploymentPostprocessing = 0;
		};
		36D4EA0D2AF3CE47001D7059 /* Resources */ = {
			isa = PBXResourcesBuildPhase;
			buildActionMask = 2147483647;
			files = (
			);
			runOnlyForDeploymentPostprocessing = 0;
		};
/* End PBXResourcesBuildPhase section */

/* Begin PBXSourcesBuildPhase section */
		36D4E9EA2AF3CE46001D7059 /* Sources */ = {
			isa = PBXSourcesBuildPhase;
			buildActionMask = 2147483647;
			files = (
				36D4EA2E2AF3CFE5001D7059 /* CrearTareaViewController.swift in Sources */,
				36D4E9F62AF3CE46001D7059 /* ViewController.swift in Sources */,
				36D4EA3B2AF3D1FF001D7059 /* TableViewCellTableViewCell.swift in Sources */,
				36D4EA402AF3D7BD001D7059 /* ObtenerTarea.swift in Sources */,
				36D4E9F22AF3CE46001D7059 /* AppDelegate.swift in Sources */,
				36D6BE482AFCFBD000D08B5B /* ModificarViewController.swift in Sources */,
				36D4E9F42AF3CE46001D7059 /* SceneDelegate.swift in Sources */,
				36D4EA262AF3CE6C001D7059 /* Tarea.swift in Sources */,
			);
			runOnlyForDeploymentPostprocessing = 0;
		};
		36D4EA002AF3CE47001D7059 /* Sources */ = {
			isa = PBXSourcesBuildPhase;
			buildActionMask = 2147483647;
			files = (
				36D4EA092AF3CE47001D7059 /* EjemploTableViewTests.swift in Sources */,
			);
			runOnlyForDeploymentPostprocessing = 0;
		};
		36D4EA0B2AF3CE47001D7059 /* Sources */ = {
			isa = PBXSourcesBuildPhase;
			buildActionMask = 2147483647;
			files = (
				36D4EA142AF3CE47001D7059 /* EjemploTableViewUITests.swift in Sources */,
			);
			runOnlyForDeploymentPostprocessing = 0;
		};
/* End PBXSourcesBuildPhase section */

/* Begin PBXTargetDependency section */
		36D4EA062AF3CE47001D7059 /* PBXTargetDependency */ = {
			isa = PBXTargetDependency;
			target = 36D4E9ED2AF3CE46001D7059 /* EjemploTableView */;
			targetProxy = 36D4EA052AF3CE47001D7059 /* PBXContainerItemProxy */;
		};
		36D4EA112AF3CE47001D7059 /* PBXTargetDependency */ = {
			isa = PBXTargetDependency;
			target = 36D4E9ED2AF3CE46001D7059 /* EjemploTableView */;
			targetProxy = 36D4EA102AF3CE47001D7059 /* PBXContainerItemProxy */;
		};
/* End PBXTargetDependency section */

/* Begin PBXVariantGroup section */
		36D4E9F72AF3CE46001D7059 /* Main.storyboard */ = {
			isa = PBXVariantGroup;
			children = (
				36D4E9F82AF3CE46001D7059 /* Base */,
			);
			name = Main.storyboard;
			sourceTree = "<group>";
		};
		36D4E9FC2AF3CE47001D7059 /* LaunchScreen.storyboard */ = {
			isa = PBXVariantGroup;
			children = (
				36D4E9FD2AF3CE47001D7059 /* Base */,
			);
			name = LaunchScreen.storyboard;
			sourceTree = "<group>";
		};
/* End PBXVariantGroup section */

/* Begin XCBuildConfiguration section */
		36D4EA162AF3CE47001D7059 /* Debug */ = {
			isa = XCBuildConfiguration;
			buildSettings = {
				ALWAYS_SEARCH_USER_PATHS = NO;
				CLANG_ANALYZER_NONNULL = YES;
				CLANG_ANALYZER_NUMBER_OBJECT_CONVERSION = YES_AGGRESSIVE;
				CLANG_CXX_LANGUAGE_STANDARD = "gnu++14";
				CLANG_CXX_LIBRARY = "libc++";
				CLANG_ENABLE_MODULES = YES;
				CLANG_ENABLE_OBJC_ARC = YES;
				CLANG_ENABLE_OBJC_WEAK = YES;
				CLANG_WARN_BLOCK_CAPTURE_AUTORELEASING = YES;
				CLANG_WARN_BOOL_CONVERSION = YES;
				CLANG_WARN_COMMA = YES;
				CLANG_WARN_CONSTANT_CONVERSION = YES;
				CLANG_WARN_DEPRECATED_OBJC_IMPLEMENTATIONS = YES;
				CLANG_WARN_DIRECT_OBJC_ISA_USAGE = YES_ERROR;
				CLANG_WARN_DOCUMENTATION_COMMENTS = YES;
				CLANG_WARN_EMPTY_BODY = YES;
				CLANG_WARN_ENUM_CONVERSION = YES;
				CLANG_WARN_INFINITE_RECURSION = YES;
				CLANG_WARN_INT_CONVERSION = YES;
				CLANG_WARN_NON_LITERAL_NULL_CONVERSION = YES;
				CLANG_WARN_OBJC_IMPLICIT_RETAIN_SELF = YES;
				CLANG_WARN_OBJC_LITERAL_CONVERSION = YES;
				CLANG_WARN_OBJC_ROOT_CLASS = YES_ERROR;
				CLANG_WARN_QUOTED_INCLUDE_IN_FRAMEWORK_HEADER = YES;
				CLANG_WARN_RANGE_LOOP_ANALYSIS = YES;
				CLANG_WARN_STRICT_PROTOTYPES = YES;
				CLANG_WARN_SUSPICIOUS_MOVE = YES;
				CLANG_WARN_UNGUARDED_AVAILABILITY = YES_AGGRESSIVE;
				CLANG_WARN_UNREACHABLE_CODE = YES;
				CLANG_WARN__DUPLICATE_METHOD_MATCH = YES;
				COPY_PHASE_STRIP = NO;
				DEBUG_INFORMATION_FORMAT = dwarf;
				ENABLE_STRICT_OBJC_MSGSEND = YES;
				ENABLE_TESTABILITY = YES;
				GCC_C_LANGUAGE_STANDARD = gnu11;
				GCC_DYNAMIC_NO_PIC = NO;
				GCC_NO_COMMON_BLOCKS = YES;
				GCC_OPTIMIZATION_LEVEL = 0;
				GCC_PREPROCESSOR_DEFINITIONS = (
					"DEBUG=1",
					"$(inherited)",
				);
				GCC_WARN_64_TO_32_BIT_CONVERSION = YES;
				GCC_WARN_ABOUT_RETURN_TYPE = YES_ERROR;
				GCC_WARN_UNDECLARED_SELECTOR = YES;
				GCC_WARN_UNINITIALIZED_AUTOS = YES_AGGRESSIVE;
				GCC_WARN_UNUSED_FUNCTION = YES;
				GCC_WARN_UNUSED_VARIABLE = YES;
				IPHONEOS_DEPLOYMENT_TARGET = 14.4;
				MTL_ENABLE_DEBUG_INFO = INCLUDE_SOURCE;
				MTL_FAST_MATH = YES;
				ONLY_ACTIVE_ARCH = YES;
				SDKROOT = iphoneos;
				SWIFT_ACTIVE_COMPILATION_CONDITIONS = DEBUG;
				SWIFT_OPTIMIZATION_LEVEL = "-Onone";
			};
			name = Debug;
		};
		36D4EA172AF3CE47001D7059 /* Release */ = {
			isa = XCBuildConfiguration;
			buildSettings = {
				ALWAYS_SEARCH_USER_PATHS = NO;
				CLANG_ANALYZER_NONNULL = YES;
				CLANG_ANALYZER_NUMBER_OBJECT_CONVERSION = YES_AGGRESSIVE;
				CLANG_CXX_LANGUAGE_STANDARD = "gnu++14";
				CLANG_CXX_LIBRARY = "libc++";
				CLANG_ENABLE_MODULES = YES;
				CLANG_ENABLE_OBJC_ARC = YES;
				CLANG_ENABLE_OBJC_WEAK = YES;
				CLANG_WARN_BLOCK_CAPTURE_AUTORELEASING = YES;
				CLANG_WARN_BOOL_CONVERSION = YES;
				CLANG_WARN_COMMA = YES;
				CLANG_WARN_CONSTANT_CONVERSION = YES;
				CLANG_WARN_DEPRECATED_OBJC_IMPLEMENTATIONS = YES;
				CLANG_WARN_DIRECT_OBJC_ISA_USAGE = YES_ERROR;
				CLANG_WARN_DOCUMENTATION_COMMENTS = YES;
				CLANG_WARN_EMPTY_BODY = YES;
				CLANG_WARN_ENUM_CONVERSION = YES;
				CLANG_WARN_INFINITE_RECURSION = YES;
				CLANG_WARN_INT_CONVERSION = YES;
				CLANG_WARN_NON_LITERAL_NULL_CONVERSION = YES;
				CLANG_WARN_OBJC_IMPLICIT_RETAIN_SELF = YES;
				CLANG_WARN_OBJC_LITERAL_CONVERSION = YES;
				CLANG_WARN_OBJC_ROOT_CLASS = YES_ERROR;
				CLANG_WARN_QUOTED_INCLUDE_IN_FRAMEWORK_HEADER = YES;
				CLANG_WARN_RANGE_LOOP_ANALYSIS = YES;
				CLANG_WARN_STRICT_PROTOTYPES = YES;
				CLANG_WARN_SUSPICIOUS_MOVE = YES;
				CLANG_WARN_UNGUARDED_AVAILABILITY = YES_AGGRESSIVE;
				CLANG_WARN_UNREACHABLE_CODE = YES;
				CLANG_WARN__DUPLICATE_METHOD_MATCH = YES;
				COPY_PHASE_STRIP = NO;
				DEBUG_INFORMATION_FORMAT = "dwarf-with-dsym";
				ENABLE_NS_ASSERTIONS = NO;
				ENABLE_STRICT_OBJC_MSGSEND = YES;
				GCC_C_LANGUAGE_STANDARD = gnu11;
				GCC_NO_COMMON_BLOCKS = YES;
				GCC_WARN_64_TO_32_BIT_CONVERSION = YES;
				GCC_WARN_ABOUT_RETURN_TYPE = YES_ERROR;
				GCC_WARN_UNDECLARED_SELECTOR = YES;
				GCC_WARN_UNINITIALIZED_AUTOS = YES_AGGRESSIVE;
				GCC_WARN_UNUSED_FUNCTION = YES;
				GCC_WARN_UNUSED_VARIABLE = YES;
				IPHONEOS_DEPLOYMENT_TARGET = 14.4;
				MTL_ENABLE_DEBUG_INFO = NO;
				MTL_FAST_MATH = YES;
				SDKROOT = iphoneos;
				SWIFT_COMPILATION_MODE = wholemodule;
				SWIFT_OPTIMIZATION_LEVEL = "-O";
				VALIDATE_PRODUCT = YES;
			};
			name = Release;
		};
		36D4EA192AF3CE47001D7059 /* Debug */ = {
			isa = XCBuildConfiguration;
			buildSettings = {
				ASSETCATALOG_COMPILER_APPICON_NAME = AppIcon;
				ASSETCATALOG_COMPILER_GLOBAL_ACCENT_COLOR_NAME = AccentColor;
				CODE_SIGN_STYLE = Automatic;
				INFOPLIST_FILE = EjemploTableView/Info.plist;
				LD_RUNPATH_SEARCH_PATHS = (
					"$(inherited)",
					"@executable_path/Frameworks",
				);
				PRODUCT_BUNDLE_IDENTIFIER = Alberto.cano.roca.EjemploTableView;
				PRODUCT_NAME = "$(TARGET_NAME)";
				SWIFT_VERSION = 5.0;
				TARGETED_DEVICE_FAMILY = "1,2";
			};
			name = Debug;
		};
		36D4EA1A2AF3CE47001D7059 /* Release */ = {
			isa = XCBuildConfiguration;
			buildSettings = {
				ASSETCATALOG_COMPILER_APPICON_NAME = AppIcon;
				ASSETCATALOG_COMPILER_GLOBAL_ACCENT_COLOR_NAME = AccentColor;
				CODE_SIGN_STYLE = Automatic;
				INFOPLIST_FILE = EjemploTableView/Info.plist;
				LD_RUNPATH_SEARCH_PATHS = (
					"$(inherited)",
					"@executable_path/Frameworks",
				);
				PRODUCT_BUNDLE_IDENTIFIER = Alberto.cano.roca.EjemploTableView;
				PRODUCT_NAME = "$(TARGET_NAME)";
				SWIFT_VERSION = 5.0;
				TARGETED_DEVICE_FAMILY = "1,2";
			};
			name = Release;
		};
		36D4EA1C2AF3CE47001D7059 /* Debug */ = {
			isa = XCBuildConfiguration;
			buildSettings = {
				ALWAYS_EMBED_SWIFT_STANDARD_LIBRARIES = YES;
				BUNDLE_LOADER = "$(TEST_HOST)";
				CODE_SIGN_STYLE = Automatic;
				INFOPLIST_FILE = EjemploTableViewTests/Info.plist;
				IPHONEOS_DEPLOYMENT_TARGET = 14.4;
				LD_RUNPATH_SEARCH_PATHS = (
					"$(inherited)",
					"@executable_path/Frameworks",
					"@loader_path/Frameworks",
				);
				PRODUCT_BUNDLE_IDENTIFIER = Alberto.cano.roca.EjemploTableViewTests;
				PRODUCT_NAME = "$(TARGET_NAME)";
				SWIFT_VERSION = 5.0;
				TARGETED_DEVICE_FAMILY = "1,2";
				TEST_HOST = "$(BUILT_PRODUCTS_DIR)/EjemploTableView.app/EjemploTableView";
			};
			name = Debug;
		};
		36D4EA1D2AF3CE47001D7059 /* Release */ = {
			isa = XCBuildConfiguration;
			buildSettings = {
				ALWAYS_EMBED_SWIFT_STANDARD_LIBRARIES = YES;
				BUNDLE_LOADER = "$(TEST_HOST)";
				CODE_SIGN_STYLE = Automatic;
				INFOPLIST_FILE = EjemploTableViewTests/Info.plist;
				IPHONEOS_DEPLOYMENT_TARGET = 14.4;
				LD_RUNPATH_SEARCH_PATHS = (
					"$(inherited)",
					"@executable_path/Frameworks",
					"@loader_path/Frameworks",
				);
				PRODUCT_BUNDLE_IDENTIFIER = Alberto.cano.roca.EjemploTableViewTests;
				PRODUCT_NAME = "$(TARGET_NAME)";
				SWIFT_VERSION = 5.0;
				TARGETED_DEVICE_FAMILY = "1,2";
				TEST_HOST = "$(BUILT_PRODUCTS_DIR)/EjemploTableView.app/EjemploTableView";
			};
			name = Release;
		};
		36D4EA1F2AF3CE47001D7059 /* Debug */ = {
			isa = XCBuildConfiguration;
			buildSettings = {
				ALWAYS_EMBED_SWIFT_STANDARD_LIBRARIES = YES;
				CODE_SIGN_STYLE = Automatic;
				INFOPLIST_FILE = EjemploTableViewUITests/Info.plist;
				LD_RUNPATH_SEARCH_PATHS = (
					"$(inherited)",
					"@executable_path/Frameworks",
					"@loader_path/Frameworks",
				);
				PRODUCT_BUNDLE_IDENTIFIER = Alberto.cano.roca.EjemploTableViewUITests;
				PRODUCT_NAME = "$(TARGET_NAME)";
				SWIFT_VERSION = 5.0;
				TARGETED_DEVICE_FAMILY = "1,2";
				TEST_TARGET_NAME = EjemploTableView;
			};
			name = Debug;
		};
		36D4EA202AF3CE47001D7059 /* Release */ = {
			isa = XCBuildConfiguration;
			buildSettings = {
				ALWAYS_EMBED_SWIFT_STANDARD_LIBRARIES = YES;
				CODE_SIGN_STYLE = Automatic;
				INFOPLIST_FILE = EjemploTableViewUITests/Info.plist;
				LD_RUNPATH_SEARCH_PATHS = (
					"$(inherited)",
					"@executable_path/Frameworks",
					"@loader_path/Frameworks",
				);
				PRODUCT_BUNDLE_IDENTIFIER = Alberto.cano.roca.EjemploTableViewUITests;
				PRODUCT_NAME = "$(TARGET_NAME)";
				SWIFT_VERSION = 5.0;
				TARGETED_DEVICE_FAMILY = "1,2";
				TEST_TARGET_NAME = EjemploTableView;
			};
			name = Release;
		};
/* End XCBuildConfiguration section */

/* Begin XCConfigurationList section */
		36D4E9E92AF3CE46001D7059 /* Build configuration list for PBXProject "EjemploTableView" */ = {
			isa = XCConfigurationList;
			buildConfigurations = (
				36D4EA162AF3CE47001D7059 /* Debug */,
				36D4EA172AF3CE47001D7059 /* Release */,
			);
			defaultConfigurationIsVisible = 0;
			defaultConfigurationName = Release;
		};
		36D4EA182AF3CE47001D7059 /* Build configuration list for PBXNativeTarget "EjemploTableView" */ = {
			isa = XCConfigurationList;
			buildConfigurations = (
				36D4EA192AF3CE47001D7059 /* Debug */,
				36D4EA1A2AF3CE47001D7059 /* Release */,
			);
			defaultConfigurationIsVisible = 0;
			defaultConfigurationName = Release;
		};
		36D4EA1B2AF3CE47001D7059 /* Build configuration list for PBXNativeTarget "EjemploTableViewTests" */ = {
			isa = XCConfigurationList;
			buildConfigurations = (
				36D4EA1C2AF3CE47001D7059 /* Debug */,
				36D4EA1D2AF3CE47001D7059 /* Release */,
			);
			defaultConfigurationIsVisible = 0;
			defaultConfigurationName = Release;
		};
		36D4EA1E2AF3CE47001D7059 /* Build configuration list for PBXNativeTarget "EjemploTableViewUITests" */ = {
			isa = XCConfigurationList;
			buildConfigurations = (
				36D4EA1F2AF3CE47001D7059 /* Debug */,
				36D4EA202AF3CE47001D7059 /* Release */,
			);
			defaultConfigurationIsVisible = 0;
			defaultConfigurationName = Release;
		};
/* End XCConfigurationList section */
	};
	rootObject = 36D4E9E62AF3CE46001D7059 /* Project object */;
}
